// !$*UTF8*$!
{
	archiveVersion = 1;
	classes = {
	};
	objectVersion = 48;
	objects = {

/* Begin PBXBuildFile section */
		8E018B291F764140002ED14E /* RequestManager.swift in Sources */ = {isa = PBXBuildFile; fileRef = 8E018B281F764140002ED14E /* RequestManager.swift */; };
		8E018B2B1F764261002ED14E /* APIManager.swift in Sources */ = {isa = PBXBuildFile; fileRef = 8E018B2A1F764261002ED14E /* APIManager.swift */; };
		8E018B2E1F766464002ED14E /* SummaryController.swift in Sources */ = {isa = PBXBuildFile; fileRef = 8E018B2C1F766464002ED14E /* SummaryController.swift */; };
		8E018B301F7668C6002ED14E /* SummaryController.xib in Resources */ = {isa = PBXBuildFile; fileRef = 8E018B321F7668C6002ED14E /* SummaryController.xib */; };
		8EDA7C241F75117600E7F0E0 /* DetailController.xib in Resources */ = {isa = PBXBuildFile; fileRef = 8EDA7C261F75117600E7F0E0 /* DetailController.xib */; };
		8EDA7C2B1F7511DA00E7F0E0 /* Localizable.strings in Resources */ = {isa = PBXBuildFile; fileRef = 8EDA7C291F7511DA00E7F0E0 /* Localizable.strings */; };
		8EDA7C3B1F75A84E00E7F0E0 /* Main.storyboard in Resources */ = {isa = PBXBuildFile; fileRef = 8EFC13F91F7280DD0001C44F /* Main.storyboard */; };
		8EFC13F61F7280DD0001C44F /* AppDelegate.swift in Sources */ = {isa = PBXBuildFile; fileRef = 8EFC13F51F7280DD0001C44F /* AppDelegate.swift */; };
		8EFC13F81F7280DD0001C44F /* RootController.swift in Sources */ = {isa = PBXBuildFile; fileRef = 8EFC13F71F7280DD0001C44F /* RootController.swift */; };
		8EFC13FB1F7280DD0001C44F /* Main.storyboard in Resources */ = {isa = PBXBuildFile; fileRef = 8EFC13F91F7280DD0001C44F /* Main.storyboard */; };
		8EFC13FD1F7280DD0001C44F /* Assets.xcassets in Resources */ = {isa = PBXBuildFile; fileRef = 8EFC13FC1F7280DD0001C44F /* Assets.xcassets */; };
		8EFC14001F7280DD0001C44F /* LaunchScreen.storyboard in Resources */ = {isa = PBXBuildFile; fileRef = 8EFC13FE1F7280DD0001C44F /* LaunchScreen.storyboard */; };
		8EFC140B1F7280DD0001C44F /* TODOTests.swift in Sources */ = {isa = PBXBuildFile; fileRef = 8EFC140A1F7280DD0001C44F /* TODOTests.swift */; };
		8EFC14161F7280DD0001C44F /* TODOUITests.swift in Sources */ = {isa = PBXBuildFile; fileRef = 8EFC14151F7280DD0001C44F /* TODOUITests.swift */; };
		8EFC142D1F7282F00001C44F /* FileHandlingManager.swift in Sources */ = {isa = PBXBuildFile; fileRef = 8EFC142C1F7282F00001C44F /* FileHandlingManager.swift */; };
		8EFC14321F729CF00001C44F /* DataModel.swift in Sources */ = {isa = PBXBuildFile; fileRef = 8EFC14311F729CF00001C44F /* DataModel.swift */; };
		8EFC14351F72A2480001C44F /* Extensions.swift in Sources */ = {isa = PBXBuildFile; fileRef = 8EFC14341F72A2480001C44F /* Extensions.swift */; };
		8EFC14391F72A6270001C44F /* data.json in Resources */ = {isa = PBXBuildFile; fileRef = 8EFC14381F72A61A0001C44F /* data.json */; };
		8EFC143B1F72DD350001C44F /* CommonsManager.swift in Sources */ = {isa = PBXBuildFile; fileRef = 8EFC143A1F72DD350001C44F /* CommonsManager.swift */; };
		8EFC143D1F72DD990001C44F /* Configuration.swift in Sources */ = {isa = PBXBuildFile; fileRef = 8EFC143C1F72DD990001C44F /* Configuration.swift */; };
		8EFC14401F72DF1C0001C44F /* TodoCell.swift in Sources */ = {isa = PBXBuildFile; fileRef = 8EFC143E1F72DF1C0001C44F /* TodoCell.swift */; };
		8EFC14411F72DF1C0001C44F /* TodoCell.xib in Resources */ = {isa = PBXBuildFile; fileRef = 8EFC143F1F72DF1C0001C44F /* TodoCell.xib */; };
		8EFC14441F7318800001C44F /* DetailController.swift in Sources */ = {isa = PBXBuildFile; fileRef = 8EFC14421F7318800001C44F /* DetailController.swift */; };
		8EFC14491F7328090001C44F /* TagView.swift in Sources */ = {isa = PBXBuildFile; fileRef = 8EFC14481F7328090001C44F /* TagView.swift */; };
		8EFC144D1F732B130001C44F /* TagView.xib in Resources */ = {isa = PBXBuildFile; fileRef = 8EFC144C1F732B130001C44F /* TagView.xib */; };
		8EFC144F1F73B0500001C44F /* CustomButton.swift in Sources */ = {isa = PBXBuildFile; fileRef = 8EFC144E1F73B0500001C44F /* CustomButton.swift */; };
		8EFC14511F73B05D0001C44F /* CustomButton.xib in Resources */ = {isa = PBXBuildFile; fileRef = 8EFC14501F73B05D0001C44F /* CustomButton.xib */; };
/* End PBXBuildFile section */

/* Begin PBXContainerItemProxy section */
		8EFC14071F7280DD0001C44F /* PBXContainerItemProxy */ = {
			isa = PBXContainerItemProxy;
			containerPortal = 8EFC13EA1F7280DD0001C44F /* Project object */;
			proxyType = 1;
			remoteGlobalIDString = 8EFC13F11F7280DD0001C44F;
			remoteInfo = TODO;
		};
		8EFC14121F7280DD0001C44F /* PBXContainerItemProxy */ = {
			isa = PBXContainerItemProxy;
			containerPortal = 8EFC13EA1F7280DD0001C44F /* Project object */;
			proxyType = 1;
			remoteGlobalIDString = 8EFC13F11F7280DD0001C44F;
			remoteInfo = TODO;
		};
/* End PBXContainerItemProxy section */

/* Begin PBXFileReference section */
		8E018B281F764140002ED14E /* RequestManager.swift */ = {isa = PBXFileReference; lastKnownFileType = sourcecode.swift; path = RequestManager.swift; sourceTree = "<group>"; };
		8E018B2A1F764261002ED14E /* APIManager.swift */ = {isa = PBXFileReference; lastKnownFileType = sourcecode.swift; path = APIManager.swift; sourceTree = "<group>"; };
		8E018B2C1F766464002ED14E /* SummaryController.swift */ = {isa = PBXFileReference; lastKnownFileType = sourcecode.swift; path = SummaryController.swift; sourceTree = "<group>"; };
		8E018B311F7668C6002ED14E /* Base */ = {isa = PBXFileReference; lastKnownFileType = file.xib; name = Base; path = Base.lproj/SummaryController.xib; sourceTree = "<group>"; };
		8E018B341F7668E1002ED14E /* sv */ = {isa = PBXFileReference; lastKnownFileType = text.plist.strings; name = sv; path = sv.lproj/SummaryController.strings; sourceTree = "<group>"; };
		8EDA7C221F75104F00E7F0E0 /* sv */ = {isa = PBXFileReference; lastKnownFileType = text.plist.strings; name = sv; path = sv.lproj/Main.strings; sourceTree = "<group>"; };
		8EDA7C231F75104F00E7F0E0 /* sv */ = {isa = PBXFileReference; lastKnownFileType = text.plist.strings; name = sv; path = sv.lproj/LaunchScreen.strings; sourceTree = "<group>"; };
		8EDA7C251F75117600E7F0E0 /* Base */ = {isa = PBXFileReference; lastKnownFileType = file.xib; name = Base; path = Base.lproj/DetailController.xib; sourceTree = "<group>"; };
		8EDA7C281F75117E00E7F0E0 /* sv */ = {isa = PBXFileReference; lastKnownFileType = text.plist.strings; name = sv; path = sv.lproj/DetailController.strings; sourceTree = "<group>"; };
		8EDA7C2A1F7511DA00E7F0E0 /* Base */ = {isa = PBXFileReference; lastKnownFileType = text.plist.strings; name = Base; path = TODO/Base.lproj/Localizable.strings; sourceTree = "<group>"; };
		8EDA7C2C1F7511EE00E7F0E0 /* sv */ = {isa = PBXFileReference; lastKnownFileType = text.plist.strings; name = sv; path = TODO/sv.lproj/Localizable.strings; sourceTree = "<group>"; };
		8EFC13F21F7280DD0001C44F /* TODO.app */ = {isa = PBXFileReference; explicitFileType = wrapper.application; includeInIndex = 0; path = TODO.app; sourceTree = BUILT_PRODUCTS_DIR; };
		8EFC13F51F7280DD0001C44F /* AppDelegate.swift */ = {isa = PBXFileReference; lastKnownFileType = sourcecode.swift; path = AppDelegate.swift; sourceTree = "<group>"; };
		8EFC13F71F7280DD0001C44F /* RootController.swift */ = {isa = PBXFileReference; lastKnownFileType = sourcecode.swift; path = RootController.swift; sourceTree = "<group>"; };
		8EFC13FA1F7280DD0001C44F /* Base */ = {isa = PBXFileReference; lastKnownFileType = file.storyboard; name = Base; path = Base.lproj/Main.storyboard; sourceTree = "<group>"; };
		8EFC13FC1F7280DD0001C44F /* Assets.xcassets */ = {isa = PBXFileReference; lastKnownFileType = folder.assetcatalog; path = Assets.xcassets; sourceTree = "<group>"; };
		8EFC13FF1F7280DD0001C44F /* Base */ = {isa = PBXFileReference; lastKnownFileType = file.storyboard; name = Base; path = Base.lproj/LaunchScreen.storyboard; sourceTree = "<group>"; };
		8EFC14011F7280DD0001C44F /* Info.plist */ = {isa = PBXFileReference; lastKnownFileType = text.plist.xml; path = Info.plist; sourceTree = "<group>"; };
		8EFC14061F7280DD0001C44F /* TODOTests.xctest */ = {isa = PBXFileReference; explicitFileType = wrapper.cfbundle; includeInIndex = 0; path = TODOTests.xctest; sourceTree = BUILT_PRODUCTS_DIR; };
		8EFC140A1F7280DD0001C44F /* TODOTests.swift */ = {isa = PBXFileReference; lastKnownFileType = sourcecode.swift; path = TODOTests.swift; sourceTree = "<group>"; };
		8EFC140C1F7280DD0001C44F /* Info.plist */ = {isa = PBXFileReference; lastKnownFileType = text.plist.xml; path = Info.plist; sourceTree = "<group>"; };
		8EFC14111F7280DD0001C44F /* TODOUITests.xctest */ = {isa = PBXFileReference; explicitFileType = wrapper.cfbundle; includeInIndex = 0; path = TODOUITests.xctest; sourceTree = BUILT_PRODUCTS_DIR; };
		8EFC14151F7280DD0001C44F /* TODOUITests.swift */ = {isa = PBXFileReference; lastKnownFileType = sourcecode.swift; path = TODOUITests.swift; sourceTree = "<group>"; };
		8EFC14171F7280DD0001C44F /* Info.plist */ = {isa = PBXFileReference; lastKnownFileType = text.plist.xml; path = Info.plist; sourceTree = "<group>"; };
		8EFC142C1F7282F00001C44F /* FileHandlingManager.swift */ = {isa = PBXFileReference; lastKnownFileType = sourcecode.swift; path = FileHandlingManager.swift; sourceTree = "<group>"; };
		8EFC14311F729CF00001C44F /* DataModel.swift */ = {isa = PBXFileReference; lastKnownFileType = sourcecode.swift; path = DataModel.swift; sourceTree = "<group>"; };
		8EFC14341F72A2480001C44F /* Extensions.swift */ = {isa = PBXFileReference; lastKnownFileType = sourcecode.swift; path = Extensions.swift; sourceTree = "<group>"; };
		8EFC14381F72A61A0001C44F /* data.json */ = {isa = PBXFileReference; lastKnownFileType = text.json; name = data.json; path = ../../Data/data.json; sourceTree = "<group>"; };
		8EFC143A1F72DD350001C44F /* CommonsManager.swift */ = {isa = PBXFileReference; lastKnownFileType = sourcecode.swift; path = CommonsManager.swift; sourceTree = "<group>"; };
		8EFC143C1F72DD990001C44F /* Configuration.swift */ = {isa = PBXFileReference; lastKnownFileType = sourcecode.swift; path = Configuration.swift; sourceTree = "<group>"; };
		8EFC143E1F72DF1C0001C44F /* TodoCell.swift */ = {isa = PBXFileReference; lastKnownFileType = sourcecode.swift; path = TodoCell.swift; sourceTree = "<group>"; };
		8EFC143F1F72DF1C0001C44F /* TodoCell.xib */ = {isa = PBXFileReference; lastKnownFileType = file.xib; path = TodoCell.xib; sourceTree = "<group>"; };
		8EFC14421F7318800001C44F /* DetailController.swift */ = {isa = PBXFileReference; lastKnownFileType = sourcecode.swift; path = DetailController.swift; sourceTree = "<group>"; };
		8EFC14481F7328090001C44F /* TagView.swift */ = {isa = PBXFileReference; lastKnownFileType = sourcecode.swift; path = TagView.swift; sourceTree = "<group>"; };
		8EFC144C1F732B130001C44F /* TagView.xib */ = {isa = PBXFileReference; lastKnownFileType = file.xib; path = TagView.xib; sourceTree = "<group>"; };
		8EFC144E1F73B0500001C44F /* CustomButton.swift */ = {isa = PBXFileReference; lastKnownFileType = sourcecode.swift; path = CustomButton.swift; sourceTree = "<group>"; };
		8EFC14501F73B05D0001C44F /* CustomButton.xib */ = {isa = PBXFileReference; lastKnownFileType = file.xib; path = CustomButton.xib; sourceTree = "<group>"; };
/* End PBXFileReference section */

/* Begin PBXFrameworksBuildPhase section */
		8EFC13EF1F7280DD0001C44F /* Frameworks */ = {
			isa = PBXFrameworksBuildPhase;
			buildActionMask = 2147483647;
			files = (
			);
			runOnlyForDeploymentPostprocessing = 0;
		};
		8EFC14031F7280DD0001C44F /* Frameworks */ = {
			isa = PBXFrameworksBuildPhase;
			buildActionMask = 2147483647;
			files = (
			);
			runOnlyForDeploymentPostprocessing = 0;
		};
		8EFC140E1F7280DD0001C44F /* Frameworks */ = {
			isa = PBXFrameworksBuildPhase;
			buildActionMask = 2147483647;
			files = (
			);
			runOnlyForDeploymentPostprocessing = 0;
		};
/* End PBXFrameworksBuildPhase section */

/* Begin PBXGroup section */
		8EFC13E91F7280DD0001C44F = {
			isa = PBXGroup;
			children = (
				8EDA7C291F7511DA00E7F0E0 /* Localizable.strings */,
				8EFC14331F72A2380001C44F /* Extensions */,
				8EFC14271F7281210001C44F /* Configuration */,
				8EFC14261F7281110001C44F /* Managers */,
				8EFC14251F72810B0001C44F /* Models */,
				8EFC14241F7281040001C44F /* Views */,
				8EFC14231F7280FE0001C44F /* Controllers */,
				8EFC13F41F7280DD0001C44F /* TODO */,
				8EFC14091F7280DD0001C44F /* TODOTests */,
				8EFC14141F7280DD0001C44F /* TODOUITests */,
				8EFC13F31F7280DD0001C44F /* Products */,
			);
			sourceTree = "<group>";
		};
		8EFC13F31F7280DD0001C44F /* Products */ = {
			isa = PBXGroup;
			children = (
				8EFC13F21F7280DD0001C44F /* TODO.app */,
				8EFC14061F7280DD0001C44F /* TODOTests.xctest */,
				8EFC14111F7280DD0001C44F /* TODOUITests.xctest */,
			);
			name = Products;
			sourceTree = "<group>";
		};
		8EFC13F41F7280DD0001C44F /* TODO */ = {
			isa = PBXGroup;
			children = (
				8EFC13F51F7280DD0001C44F /* AppDelegate.swift */,
				8EFC13F91F7280DD0001C44F /* Main.storyboard */,
				8EFC13FC1F7280DD0001C44F /* Assets.xcassets */,
				8EFC13FE1F7280DD0001C44F /* LaunchScreen.storyboard */,
				8EFC14011F7280DD0001C44F /* Info.plist */,
			);
			path = TODO;
			sourceTree = "<group>";
		};
		8EFC14091F7280DD0001C44F /* TODOTests */ = {
			isa = PBXGroup;
			children = (
				8EFC140A1F7280DD0001C44F /* TODOTests.swift */,
				8EFC140C1F7280DD0001C44F /* Info.plist */,
			);
			path = TODOTests;
			sourceTree = "<group>";
		};
		8EFC14141F7280DD0001C44F /* TODOUITests */ = {
			isa = PBXGroup;
			children = (
				8EFC14151F7280DD0001C44F /* TODOUITests.swift */,
				8EFC14171F7280DD0001C44F /* Info.plist */,
			);
			path = TODOUITests;
			sourceTree = "<group>";
		};
		8EFC14231F7280FE0001C44F /* Controllers */ = {
			isa = PBXGroup;
			children = (
				8EFC13F71F7280DD0001C44F /* RootController.swift */,
				8E018B2C1F766464002ED14E /* SummaryController.swift */,
				8E018B321F7668C6002ED14E /* SummaryController.xib */,
				8EFC14421F7318800001C44F /* DetailController.swift */,
				8EDA7C261F75117600E7F0E0 /* DetailController.xib */,
			);
			path = Controllers;
			sourceTree = "<group>";
		};
		8EFC14241F7281040001C44F /* Views */ = {
			isa = PBXGroup;
			children = (
				8EFC143E1F72DF1C0001C44F /* TodoCell.swift */,
				8EFC143F1F72DF1C0001C44F /* TodoCell.xib */,
				8EFC14481F7328090001C44F /* TagView.swift */,
				8EFC144C1F732B130001C44F /* TagView.xib */,
				8EFC144E1F73B0500001C44F /* CustomButton.swift */,
				8EFC14501F73B05D0001C44F /* CustomButton.xib */,
			);
			path = Views;
			sourceTree = "<group>";
		};
		8EFC14251F72810B0001C44F /* Models */ = {
			isa = PBXGroup;
			children = (
				8EFC14381F72A61A0001C44F /* data.json */,
				8EFC14311F729CF00001C44F /* DataModel.swift */,
			);
			path = Models;
			sourceTree = "<group>";
		};
		8EFC14261F7281110001C44F /* Managers */ = {
			isa = PBXGroup;
			children = (
				8EFC142C1F7282F00001C44F /* FileHandlingManager.swift */,
				8EFC143A1F72DD350001C44F /* CommonsManager.swift */,
				8E018B281F764140002ED14E /* RequestManager.swift */,
				8E018B2A1F764261002ED14E /* APIManager.swift */,
			);
			path = Managers;
			sourceTree = "<group>";
		};
		8EFC14271F7281210001C44F /* Configuration */ = {
			isa = PBXGroup;
			children = (
				8EFC143C1F72DD990001C44F /* Configuration.swift */,
			);
			path = Configuration;
			sourceTree = "<group>";
		};
		8EFC14331F72A2380001C44F /* Extensions */ = {
			isa = PBXGroup;
			children = (
				8EFC14341F72A2480001C44F /* Extensions.swift */,
			);
			path = Extensions;
			sourceTree = "<group>";
		};
/* End PBXGroup section */

/* Begin PBXNativeTarget section */
		8EFC13F11F7280DD0001C44F /* TODO */ = {
			isa = PBXNativeTarget;
			buildConfigurationList = 8EFC141A1F7280DD0001C44F /* Build configuration list for PBXNativeTarget "TODO" */;
			buildPhases = (
				8EFC13EE1F7280DD0001C44F /* Sources */,
				8EFC13EF1F7280DD0001C44F /* Frameworks */,
				8EFC13F01F7280DD0001C44F /* Resources */,
			);
			buildRules = (
			);
			dependencies = (
			);
			name = TODO;
			productName = TODO;
			productReference = 8EFC13F21F7280DD0001C44F /* TODO.app */;
			productType = "com.apple.product-type.application";
		};
		8EFC14051F7280DD0001C44F /* TODOTests */ = {
			isa = PBXNativeTarget;
			buildConfigurationList = 8EFC141D1F7280DD0001C44F /* Build configuration list for PBXNativeTarget "TODOTests" */;
			buildPhases = (
				8EFC14021F7280DD0001C44F /* Sources */,
				8EFC14031F7280DD0001C44F /* Frameworks */,
				8EFC14041F7280DD0001C44F /* Resources */,
			);
			buildRules = (
			);
			dependencies = (
				8EFC14081F7280DD0001C44F /* PBXTargetDependency */,
			);
			name = TODOTests;
			productName = TODOTests;
			productReference = 8EFC14061F7280DD0001C44F /* TODOTests.xctest */;
			productType = "com.apple.product-type.bundle.unit-test";
		};
		8EFC14101F7280DD0001C44F /* TODOUITests */ = {
			isa = PBXNativeTarget;
			buildConfigurationList = 8EFC14201F7280DD0001C44F /* Build configuration list for PBXNativeTarget "TODOUITests" */;
			buildPhases = (
				8EFC140D1F7280DD0001C44F /* Sources */,
				8EFC140E1F7280DD0001C44F /* Frameworks */,
				8EFC140F1F7280DD0001C44F /* Resources */,
			);
			buildRules = (
			);
			dependencies = (
				8EFC14131F7280DD0001C44F /* PBXTargetDependency */,
			);
			name = TODOUITests;
			productName = TODOUITests;
			productReference = 8EFC14111F7280DD0001C44F /* TODOUITests.xctest */;
			productType = "com.apple.product-type.bundle.ui-testing";
		};
/* End PBXNativeTarget section */

/* Begin PBXProject section */
		8EFC13EA1F7280DD0001C44F /* Project object */ = {
			isa = PBXProject;
			attributes = {
				LastSwiftUpdateCheck = 0900;
				LastUpgradeCheck = 0900;
				ORGANIZATIONNAME = Bharath;
				TargetAttributes = {
					8EFC13F11F7280DD0001C44F = {
						CreatedOnToolsVersion = 9.0;
						ProvisioningStyle = Automatic;
					};
					8EFC14051F7280DD0001C44F = {
						CreatedOnToolsVersion = 9.0;
						ProvisioningStyle = Automatic;
						TestTargetID = 8EFC13F11F7280DD0001C44F;
					};
					8EFC14101F7280DD0001C44F = {
						CreatedOnToolsVersion = 9.0;
						ProvisioningStyle = Automatic;
						TestTargetID = 8EFC13F11F7280DD0001C44F;
					};
				};
			};
			buildConfigurationList = 8EFC13ED1F7280DD0001C44F /* Build configuration list for PBXProject "TODO" */;
			compatibilityVersion = "Xcode 8.0";
			developmentRegion = en;
			hasScannedForEncodings = 0;
			knownRegions = (
				en,
				Base,
				sv,
			);
			mainGroup = 8EFC13E91F7280DD0001C44F;
			productRefGroup = 8EFC13F31F7280DD0001C44F /* Products */;
			projectDirPath = "";
			projectRoot = "";
			targets = (
				8EFC13F11F7280DD0001C44F /* TODO */,
				8EFC14051F7280DD0001C44F /* TODOTests */,
				8EFC14101F7280DD0001C44F /* TODOUITests */,
			);
		};
/* End PBXProject section */

/* Begin PBXResourcesBuildPhase section */
		8EFC13F01F7280DD0001C44F /* Resources */ = {
			isa = PBXResourcesBuildPhase;
			buildActionMask = 2147483647;
			files = (
				8EFC14511F73B05D0001C44F /* CustomButton.xib in Resources */,
				8EFC14001F7280DD0001C44F /* LaunchScreen.storyboard in Resources */,
				8E018B301F7668C6002ED14E /* SummaryController.xib in Resources */,
				8EFC13FD1F7280DD0001C44F /* Assets.xcassets in Resources */,
				8EFC13FB1F7280DD0001C44F /* Main.storyboard in Resources */,
				8EDA7C2B1F7511DA00E7F0E0 /* Localizable.strings in Resources */,
				8EFC14411F72DF1C0001C44F /* TodoCell.xib in Resources */,
				8EDA7C241F75117600E7F0E0 /* DetailController.xib in Resources */,
				8EFC144D1F732B130001C44F /* TagView.xib in Resources */,
				8EFC14391F72A6270001C44F /* data.json in Resources */,
			);
			runOnlyForDeploymentPostprocessing = 0;
		};
		8EFC14041F7280DD0001C44F /* Resources */ = {
			isa = PBXResourcesBuildPhase;
			buildActionMask = 2147483647;
			files = (
			);
			runOnlyForDeploymentPostprocessing = 0;
		};
		8EFC140F1F7280DD0001C44F /* Resources */ = {
			isa = PBXResourcesBuildPhase;
			buildActionMask = 2147483647;
			files = (
				8EDA7C3B1F75A84E00E7F0E0 /* Main.storyboard in Resources */,
			);
			runOnlyForDeploymentPostprocessing = 0;
		};
/* End PBXResourcesBuildPhase section */

/* Begin PBXSourcesBuildPhase section */
		8EFC13EE1F7280DD0001C44F /* Sources */ = {
			isa = PBXSourcesBuildPhase;
			buildActionMask = 2147483647;
			files = (
				8EFC14351F72A2480001C44F /* Extensions.swift in Sources */,
				8EFC14491F7328090001C44F /* TagView.swift in Sources */,
				8E018B2E1F766464002ED14E /* SummaryController.swift in Sources */,
				8EFC13F81F7280DD0001C44F /* RootController.swift in Sources */,
				8E018B291F764140002ED14E /* RequestManager.swift in Sources */,
				8EFC143D1F72DD990001C44F /* Configuration.swift in Sources */,
				8EFC14321F729CF00001C44F /* DataModel.swift in Sources */,
				8EFC142D1F7282F00001C44F /* FileHandlingManager.swift in Sources */,
				8EFC143B1F72DD350001C44F /* CommonsManager.swift in Sources */,
				8EFC144F1F73B0500001C44F /* CustomButton.swift in Sources */,
				8EFC13F61F7280DD0001C44F /* AppDelegate.swift in Sources */,
				8E018B2B1F764261002ED14E /* APIManager.swift in Sources */,
				8EFC14441F7318800001C44F /* DetailController.swift in Sources */,
				8EFC14401F72DF1C0001C44F /* TodoCell.swift in Sources */,
			);
			runOnlyForDeploymentPostprocessing = 0;
		};
		8EFC14021F7280DD0001C44F /* Sources */ = {
			isa = PBXSourcesBuildPhase;
			buildActionMask = 2147483647;
			files = (
				8EFC140B1F7280DD0001C44F /* TODOTests.swift in Sources */,
			);
			runOnlyForDeploymentPostprocessing = 0;
		};
		8EFC140D1F7280DD0001C44F /* Sources */ = {
			isa = PBXSourcesBuildPhase;
			buildActionMask = 2147483647;
			files = (
				8EFC14161F7280DD0001C44F /* TODOUITests.swift in Sources */,
			);
			runOnlyForDeploymentPostprocessing = 0;
		};
/* End PBXSourcesBuildPhase section */

/* Begin PBXTargetDependency section */
		8EFC14081F7280DD0001C44F /* PBXTargetDependency */ = {
			isa = PBXTargetDependency;
			target = 8EFC13F11F7280DD0001C44F /* TODO */;
			targetProxy = 8EFC14071F7280DD0001C44F /* PBXContainerItemProxy */;
		};
		8EFC14131F7280DD0001C44F /* PBXTargetDependency */ = {
			isa = PBXTargetDependency;
			target = 8EFC13F11F7280DD0001C44F /* TODO */;
			targetProxy = 8EFC14121F7280DD0001C44F /* PBXContainerItemProxy */;
		};
/* End PBXTargetDependency section */

/* Begin PBXVariantGroup section */
		8E018B321F7668C6002ED14E /* SummaryController.xib */ = {
			isa = PBXVariantGroup;
			children = (
				8E018B311F7668C6002ED14E /* Base */,
				8E018B341F7668E1002ED14E /* sv */,
			);
			name = SummaryController.xib;
			sourceTree = "<group>";
		};
		8EDA7C261F75117600E7F0E0 /* DetailController.xib */ = {
			isa = PBXVariantGroup;
			children = (
				8EDA7C251F75117600E7F0E0 /* Base */,
				8EDA7C281F75117E00E7F0E0 /* sv */,
			);
			name = DetailController.xib;
			sourceTree = "<group>";
		};
		8EDA7C291F7511DA00E7F0E0 /* Localizable.strings */ = {
			isa = PBXVariantGroup;
			children = (
				8EDA7C2A1F7511DA00E7F0E0 /* Base */,
				8EDA7C2C1F7511EE00E7F0E0 /* sv */,
			);
			name = Localizable.strings;
			sourceTree = "<group>";
		};
		8EFC13F91F7280DD0001C44F /* Main.storyboard */ = {
			isa = PBXVariantGroup;
			children = (
				8EFC13FA1F7280DD0001C44F /* Base */,
				8EDA7C221F75104F00E7F0E0 /* sv */,
			);
			name = Main.storyboard;
			sourceTree = "<group>";
		};
		8EFC13FE1F7280DD0001C44F /* LaunchScreen.storyboard */ = {
			isa = PBXVariantGroup;
			children = (
				8EFC13FF1F7280DD0001C44F /* Base */,
				8EDA7C231F75104F00E7F0E0 /* sv */,
			);
			name = LaunchScreen.storyboard;
			sourceTree = "<group>";
		};
/* End PBXVariantGroup section */

/* Begin XCBuildConfiguration section */
		8EFC14181F7280DD0001C44F /* Debug */ = {
			isa = XCBuildConfiguration;
			buildSettings = {
				ALWAYS_SEARCH_USER_PATHS = NO;
				CLANG_ANALYZER_LOCALIZABILITY_NONLOCALIZED = YES;
				CLANG_ANALYZER_NONNULL = YES;
				CLANG_ANALYZER_NUMBER_OBJECT_CONVERSION = YES_AGGRESSIVE;
				CLANG_CXX_LANGUAGE_STANDARD = "gnu++14";
				CLANG_CXX_LIBRARY = "libc++";
				CLANG_ENABLE_MODULES = YES;
				CLANG_ENABLE_OBJC_ARC = YES;
				CLANG_WARN_BLOCK_CAPTURE_AUTORELEASING = YES;
				CLANG_WARN_BOOL_CONVERSION = YES;
				CLANG_WARN_COMMA = YES;
				CLANG_WARN_CONSTANT_CONVERSION = YES;
				CLANG_WARN_DIRECT_OBJC_ISA_USAGE = YES_ERROR;
				CLANG_WARN_DOCUMENTATION_COMMENTS = YES;
				CLANG_WARN_EMPTY_BODY = YES;
				CLANG_WARN_ENUM_CONVERSION = YES;
				CLANG_WARN_INFINITE_RECURSION = YES;
				CLANG_WARN_INT_CONVERSION = YES;
				CLANG_WARN_NON_LITERAL_NULL_CONVERSION = YES;
				CLANG_WARN_OBJC_LITERAL_CONVERSION = YES;
				CLANG_WARN_OBJC_ROOT_CLASS = YES_ERROR;
				CLANG_WARN_RANGE_LOOP_ANALYSIS = YES;
				CLANG_WARN_STRICT_PROTOTYPES = YES;
				CLANG_WARN_SUSPICIOUS_MOVE = YES;
				CLANG_WARN_UNGUARDED_AVAILABILITY = YES_AGGRESSIVE;
				CLANG_WARN_UNREACHABLE_CODE = YES;
				CLANG_WARN__DUPLICATE_METHOD_MATCH = YES;
				CODE_SIGN_IDENTITY = "iPhone Developer";
				COPY_PHASE_STRIP = NO;
				DEBUG_INFORMATION_FORMAT = dwarf;
				ENABLE_STRICT_OBJC_MSGSEND = YES;
				ENABLE_TESTABILITY = YES;
				GCC_C_LANGUAGE_STANDARD = gnu11;
				GCC_DYNAMIC_NO_PIC = NO;
				GCC_NO_COMMON_BLOCKS = YES;
				GCC_OPTIMIZATION_LEVEL = 0;
				GCC_PREPROCESSOR_DEFINITIONS = (
					"DEBUG=1",
					"$(inherited)",
				);
				GCC_WARN_64_TO_32_BIT_CONVERSION = YES;
				GCC_WARN_ABOUT_RETURN_TYPE = YES_ERROR;
				GCC_WARN_UNDECLARED_SELECTOR = YES;
				GCC_WARN_UNINITIALIZED_AUTOS = YES_AGGRESSIVE;
				GCC_WARN_UNUSED_FUNCTION = YES;
				GCC_WARN_UNUSED_VARIABLE = YES;
				IPHONEOS_DEPLOYMENT_TARGET = 11.0;
				MTL_ENABLE_DEBUG_INFO = YES;
				ONLY_ACTIVE_ARCH = YES;
				SDKROOT = iphoneos;
				SWIFT_ACTIVE_COMPILATION_CONDITIONS = DEBUG;
				SWIFT_OPTIMIZATION_LEVEL = "-Onone";
			};
			name = Debug;
		};
		8EFC14191F7280DD0001C44F /* Release */ = {
			isa = XCBuildConfiguration;
			buildSettings = {
				ALWAYS_SEARCH_USER_PATHS = NO;
				CLANG_ANALYZER_LOCALIZABILITY_NONLOCALIZED = YES;
				CLANG_ANALYZER_NONNULL = YES;
				CLANG_ANALYZER_NUMBER_OBJECT_CONVERSION = YES_AGGRESSIVE;
				CLANG_CXX_LANGUAGE_STANDARD = "gnu++14";
				CLANG_CXX_LIBRARY = "libc++";
				CLANG_ENABLE_MODULES = YES;
				CLANG_ENABLE_OBJC_ARC = YES;
				CLANG_WARN_BLOCK_CAPTURE_AUTORELEASING = YES;
				CLANG_WARN_BOOL_CONVERSION = YES;
				CLANG_WARN_COMMA = YES;
				CLANG_WARN_CONSTANT_CONVERSION = YES;
				CLANG_WARN_DIRECT_OBJC_ISA_USAGE = YES_ERROR;
				CLANG_WARN_DOCUMENTATION_COMMENTS = YES;
				CLANG_WARN_EMPTY_BODY = YES;
				CLANG_WARN_ENUM_CONVERSION = YES;
				CLANG_WARN_INFINITE_RECURSION = YES;
				CLANG_WARN_INT_CONVERSION = YES;
				CLANG_WARN_NON_LITERAL_NULL_CONVERSION = YES;
				CLANG_WARN_OBJC_LITERAL_CONVERSION = YES;
				CLANG_WARN_OBJC_ROOT_CLASS = YES_ERROR;
				CLANG_WARN_RANGE_LOOP_ANALYSIS = YES;
				CLANG_WARN_STRICT_PROTOTYPES = YES;
				CLANG_WARN_SUSPICIOUS_MOVE = YES;
				CLANG_WARN_UNGUARDED_AVAILABILITY = YES_AGGRESSIVE;
				CLANG_WARN_UNREACHABLE_CODE = YES;
				CLANG_WARN__DUPLICATE_METHOD_MATCH = YES;
				CODE_SIGN_IDENTITY = "iPhone Developer";
				COPY_PHASE_STRIP = NO;
				DEBUG_INFORMATION_FORMAT = "dwarf-with-dsym";
				ENABLE_NS_ASSERTIONS = NO;
				ENABLE_STRICT_OBJC_MSGSEND = YES;
				GCC_C_LANGUAGE_STANDARD = gnu11;
				GCC_NO_COMMON_BLOCKS = YES;
				GCC_WARN_64_TO_32_BIT_CONVERSION = YES;
				GCC_WARN_ABOUT_RETURN_TYPE = YES_ERROR;
				GCC_WARN_UNDECLARED_SELECTOR = YES;
				GCC_WARN_UNINITIALIZED_AUTOS = YES_AGGRESSIVE;
				GCC_WARN_UNUSED_FUNCTION = YES;
				GCC_WARN_UNUSED_VARIABLE = YES;
				IPHONEOS_DEPLOYMENT_TARGET = 11.0;
				MTL_ENABLE_DEBUG_INFO = NO;
				SDKROOT = iphoneos;
				SWIFT_OPTIMIZATION_LEVEL = "-Owholemodule";
				VALIDATE_PRODUCT = YES;
			};
			name = Release;
		};
		8EFC141B1F7280DD0001C44F /* Debug */ = {
			isa = XCBuildConfiguration;
			buildSettings = {
				ASSETCATALOG_COMPILER_APPICON_NAME = AppIcon;
				CODE_SIGN_STYLE = Automatic;
				DEVELOPMENT_TEAM = VFYAS9MCSU;
				INFOPLIST_FILE = TODO/Info.plist;
				IPHONEOS_DEPLOYMENT_TARGET = 10.0;
				LD_RUNPATH_SEARCH_PATHS = "$(inherited) @executable_path/Frameworks";
				PRODUCT_BUNDLE_IDENTIFIER = bharath.auto.TODO;
				PRODUCT_NAME = "$(TARGET_NAME)";
				SWIFT_VERSION = 4.0;
				TARGETED_DEVICE_FAMILY = "1,2";
			};
			name = Debug;
		};
		8EFC141C1F7280DD0001C44F /* Release */ = {
			isa = XCBuildConfiguration;
			buildSettings = {
				ASSETCATALOG_COMPILER_APPICON_NAME = AppIcon;
				CODE_SIGN_STYLE = Automatic;
				DEVELOPMENT_TEAM = VFYAS9MCSU;
				INFOPLIST_FILE = TODO/Info.plist;
				IPHONEOS_DEPLOYMENT_TARGET = 10.0;
				LD_RUNPATH_SEARCH_PATHS = "$(inherited) @executable_path/Frameworks";
				PRODUCT_BUNDLE_IDENTIFIER = bharath.auto.TODO;
				PRODUCT_NAME = "$(TARGET_NAME)";
				SWIFT_VERSION = 4.0;
				TARGETED_DEVICE_FAMILY = "1,2";
			};
			name = Release;
		};
		8EFC141E1F7280DD0001C44F /* Debug */ = {
			isa = XCBuildConfiguration;
			buildSettings = {
				ALWAYS_EMBED_SWIFT_STANDARD_LIBRARIES = YES;
				BUNDLE_LOADER = "$(TEST_HOST)";
				CODE_SIGN_STYLE = Automatic;
				DEVELOPMENT_TEAM = VFYAS9MCSU;
				INFOPLIST_FILE = TODOTests/Info.plist;
				LD_RUNPATH_SEARCH_PATHS = "$(inherited) @executable_path/Frameworks @loader_path/Frameworks";
				PRODUCT_BUNDLE_IDENTIFIER = bharath.auto.TODOTests;
				PRODUCT_NAME = "$(TARGET_NAME)";
				SWIFT_VERSION = 4.0;
				TARGETED_DEVICE_FAMILY = "1,2";
				TEST_HOST = "$(BUILT_PRODUCTS_DIR)/TODO.app/TODO";
			};
			name = Debug;
		};
		8EFC141F1F7280DD0001C44F /* Release */ = {
			isa = XCBuildConfiguration;
			buildSettings = {
				ALWAYS_EMBED_SWIFT_STANDARD_LIBRARIES = YES;
				BUNDLE_LOADER = "$(TEST_HOST)";
				CODE_SIGN_STYLE = Automatic;
				DEVELOPMENT_TEAM = VFYAS9MCSU;
				INFOPLIST_FILE = TODOTests/Info.plist;
				LD_RUNPATH_SEARCH_PATHS = "$(inherited) @executable_path/Frameworks @loader_path/Frameworks";
				PRODUCT_BUNDLE_IDENTIFIER = bharath.auto.TODOTests;
				PRODUCT_NAME = "$(TARGET_NAME)";
				SWIFT_VERSION = 4.0;
				TARGETED_DEVICE_FAMILY = "1,2";
				TEST_HOST = "$(BUILT_PRODUCTS_DIR)/TODO.app/TODO";
			};
			name = Release;
		};
		8EFC14211F7280DD0001C44F /* Debug */ = {
			isa = XCBuildConfiguration;
			buildSettings = {
				ALWAYS_EMBED_SWIFT_STANDARD_LIBRARIES = YES;
				CODE_SIGN_STYLE = Automatic;
				DEVELOPMENT_TEAM = VFYAS9MCSU;
				INFOPLIST_FILE = TODOUITests/Info.plist;
				LD_RUNPATH_SEARCH_PATHS = "$(inherited) @executable_path/Frameworks @loader_path/Frameworks";
				PRODUCT_BUNDLE_IDENTIFIER = bharath.auto.TODOUITests;
				PRODUCT_NAME = "$(TARGET_NAME)";
				SWIFT_VERSION = 4.0;
				TARGETED_DEVICE_FAMILY = "1,2";
				TEST_TARGET_NAME = TODO;
			};
			name = Debug;
		};
		8EFC14221F7280DD0001C44F /* Release */ = {
			isa = XCBuildConfiguration;
			buildSettings = {
				ALWAYS_EMBED_SWIFT_STANDARD_LIBRARIES = YES;
				CODE_SIGN_STYLE = Automatic;
				DEVELOPMENT_TEAM = VFYAS9MCSU;
				INFOPLIST_FILE = TODOUITests/Info.plist;
				LD_RUNPATH_SEARCH_PATHS = "$(inherited) @executable_path/Frameworks @loader_path/Frameworks";
				PRODUCT_BUNDLE_IDENTIFIER = bharath.auto.TODOUITests;
				PRODUCT_NAME = "$(TARGET_NAME)";
				SWIFT_VERSION = 4.0;
				TARGETED_DEVICE_FAMILY = "1,2";
				TEST_TARGET_NAME = TODO;
			};
			name = Release;
		};
/* End XCBuildConfiguration section */

/* Begin XCConfigurationList section */
		8EFC13ED1F7280DD0001C44F /* Build configuration list for PBXProject "TODO" */ = {
			isa = XCConfigurationList;
			buildConfigurations = (
				8EFC14181F7280DD0001C44F /* Debug */,
				8EFC14191F7280DD0001C44F /* Release */,
			);
			defaultConfigurationIsVisible = 0;
			defaultConfigurationName = Release;
		};
		8EFC141A1F7280DD0001C44F /* Build configuration list for PBXNativeTarget "TODO" */ = {
			isa = XCConfigurationList;
			buildConfigurations = (
				8EFC141B1F7280DD0001C44F /* Debug */,
				8EFC141C1F7280DD0001C44F /* Release */,
			);
			defaultConfigurationIsVisible = 0;
			defaultConfigurationName = Release;
		};
		8EFC141D1F7280DD0001C44F /* Build configuration list for PBXNativeTarget "TODOTests" */ = {
			isa = XCConfigurationList;
			buildConfigurations = (
				8EFC141E1F7280DD0001C44F /* Debug */,
				8EFC141F1F7280DD0001C44F /* Release */,
			);
			defaultConfigurationIsVisible = 0;
			defaultConfigurationName = Release;
		};
		8EFC14201F7280DD0001C44F /* Build configuration list for PBXNativeTarget "TODOUITests" */ = {
			isa = XCConfigurationList;
			buildConfigurations = (
				8EFC14211F7280DD0001C44F /* Debug */,
				8EFC14221F7280DD0001C44F /* Release */,
			);
			defaultConfigurationIsVisible = 0;
			defaultConfigurationName = Release;
		};
/* End XCConfigurationList section */
	};
	rootObject = 8EFC13EA1F7280DD0001C44F /* Project object */;
}
